
Microsoft Visual Studio Solution File, Format Version 12.00
# Visual Studio Version 16
VisualStudioVersion = 16.0.31729.503
MinimumVisualStudioVersion = 10.0.40219.1
Project("{FAE04EC0-301F-11D3-BF4B-00C04F79EFBC}") = "RegisterPages", "RegisterPages\RegisterPages.csproj", "{B6743253-4A55-453D-9891-3BD183E61CE7}"
EndProject
Global
	GlobalSection(SolutionConfigurationPlatforms) = preSolution
		Debug|Any CPU = Debug|Any CPU
		Release|Any CPU = Release|Any CPU
	EndGlobalSection
	GlobalSection(ProjectConfigurationPlatforms) = postSolution
		{B6743253-4A55-453D-9891-3BD183E61CE7}.Debug|Any CPU.ActiveCfg = Debug|Any CPU
		{B6743253-4A55-453D-9891-3BD183E61CE7}.Debug|Any CPU.Build.0 = Debug|Any CPU
		{B6743253-4A55-453D-9891-3BD183E61CE7}.Release|Any CPU.ActiveCfg = Release|Any CPU
		{B6743253-4A55-453D-9891-3BD183E61CE7}.Release|Any CPU.Build.0 = Release|Any CPU
	EndGlobalSection
	GlobalSection(SolutionProperties) = preSolution
		HideSolutionNode = FALSE
	EndGlobalSection
	GlobalSection(ExtensibilityGlobals) = postSolution
		SolutionGuid = {463D720F-8375-47C9-AAAF-89C989C169EB}
	EndGlobalSection
EndGlobal
